
Microsoft Visual Studio Solution File, Format Version 12.00
Project("{FAE04EC0-301F-11D3-BF4B-00C04F79EFBC}") = "Syncerbell", "Syncerbell\Syncerbell.csproj", "{C3DE9DDE-894C-4FB2-A46E-1FB10B6CE521}"
EndProject
Project("{2150E333-8FDC-42A3-9474-1A3956D46DE8}") = "Examples", "Examples", "{7C18AD40-956C-46D5-96E5-4DA767C38067}"
EndProject
Project("{FAE04EC0-301F-11D3-BF4B-00C04F79EFBC}") = "ExampleApiUsage", "ExampleApiUsage\ExampleApiUsage.csproj", "{BE825FA8-9B20-40C8-B233-65250AAD268D}"
EndProject
Project("{FAE04EC0-301F-11D3-BF4B-00C04F79EFBC}") = "Syncerbell.HostedService", "Syncerbell.HostedService\Syncerbell.HostedService.csproj", "{EE8392E7-FDD0-4A83-8F6B-94BFE2F15C7D}"
EndProject
Project("{FAE04EC0-301F-11D3-BF4B-00C04F79EFBC}") = "Syncerbell.Tests", "Syncerbell.Tests\Syncerbell.Tests.csproj", "{445CE11C-7716-4DC9-84B8-AD5F5EFCD760}"
EndProject
Project("{FAE04EC0-301F-11D3-BF4B-00C04F79EFBC}") = "Syncerbell.EntityFrameworkCore", "Syncerbell.EntityFrameworkCore\Syncerbell.EntityFrameworkCore.csproj", "{C844F729-43EB-4D7E-8CA5-BDCBF83A971E}"
EndProject
Global
	GlobalSection(SolutionConfigurationPlatforms) = preSolution
		Debug|Any CPU = Debug|Any CPU
		Release|Any CPU = Release|Any CPU
	EndGlobalSection
	GlobalSection(ProjectConfigurationPlatforms) = postSolution
		{C3DE9DDE-894C-4FB2-A46E-1FB10B6CE521}.Debug|Any CPU.ActiveCfg = Debug|Any CPU
		{C3DE9DDE-894C-4FB2-A46E-1FB10B6CE521}.Debug|Any CPU.Build.0 = Debug|Any CPU
		{C3DE9DDE-894C-4FB2-A46E-1FB10B6CE521}.Release|Any CPU.ActiveCfg = Release|Any CPU
		{C3DE9DDE-894C-4FB2-A46E-1FB10B6CE521}.Release|Any CPU.Build.0 = Release|Any CPU
		{BE825FA8-9B20-40C8-B233-65250AAD268D}.Debug|Any CPU.ActiveCfg = Debug|Any CPU
		{BE825FA8-9B20-40C8-B233-65250AAD268D}.Debug|Any CPU.Build.0 = Debug|Any CPU
		{BE825FA8-9B20-40C8-B233-65250AAD268D}.Release|Any CPU.ActiveCfg = Release|Any CPU
		{BE825FA8-9B20-40C8-B233-65250AAD268D}.Release|Any CPU.Build.0 = Release|Any CPU
		{EE8392E7-FDD0-4A83-8F6B-94BFE2F15C7D}.Debug|Any CPU.ActiveCfg = Debug|Any CPU
		{EE8392E7-FDD0-4A83-8F6B-94BFE2F15C7D}.Debug|Any CPU.Build.0 = Debug|Any CPU
		{EE8392E7-FDD0-4A83-8F6B-94BFE2F15C7D}.Release|Any CPU.ActiveCfg = Release|Any CPU
		{EE8392E7-FDD0-4A83-8F6B-94BFE2F15C7D}.Release|Any CPU.Build.0 = Release|Any CPU
		{445CE11C-7716-4DC9-84B8-AD5F5EFCD760}.Debug|Any CPU.ActiveCfg = Debug|Any CPU
		{445CE11C-7716-4DC9-84B8-AD5F5EFCD760}.Debug|Any CPU.Build.0 = Debug|Any CPU
		{445CE11C-7716-4DC9-84B8-AD5F5EFCD760}.Release|Any CPU.ActiveCfg = Release|Any CPU
		{445CE11C-7716-4DC9-84B8-AD5F5EFCD760}.Release|Any CPU.Build.0 = Release|Any CPU
		{C844F729-43EB-4D7E-8CA5-BDCBF83A971E}.Debug|Any CPU.ActiveCfg = Debug|Any CPU
		{C844F729-43EB-4D7E-8CA5-BDCBF83A971E}.Debug|Any CPU.Build.0 = Debug|Any CPU
		{C844F729-43EB-4D7E-8CA5-BDCBF83A971E}.Release|Any CPU.ActiveCfg = Release|Any CPU
		{C844F729-43EB-4D7E-8CA5-BDCBF83A971E}.Release|Any CPU.Build.0 = Release|Any CPU
	EndGlobalSection
	GlobalSection(NestedProjects) = preSolution
		{BE825FA8-9B20-40C8-B233-65250AAD268D} = {7C18AD40-956C-46D5-96E5-4DA767C38067}
	EndGlobalSection
EndGlobal
